
Microsoft Visual Studio Solution File, Format Version 12.00
# Visual Studio Version 17
VisualStudioVersion = 17.9.34728.123
MinimumVisualStudioVersion = 10.0.40219.1
Project("{FAE04EC0-301F-11D3-BF4B-00C04F79EFBC}") = "db-videogames", "db-videogames\db-videogames.csproj", "{66AB103E-E63D-4109-910B-A6BA7E1D370F}"
EndProject
Global
	GlobalSection(SolutionConfigurationPlatforms) = preSolution
		Debug|Any CPU = Debug|Any CPU
		Release|Any CPU = Release|Any CPU
	EndGlobalSection
	GlobalSection(ProjectConfigurationPlatforms) = postSolution
		{66AB103E-E63D-4109-910B-A6BA7E1D370F}.Debug|Any CPU.ActiveCfg = Debug|Any CPU
		{66AB103E-E63D-4109-910B-A6BA7E1D370F}.Debug|Any CPU.Build.0 = Debug|Any CPU
		{66AB103E-E63D-4109-910B-A6BA7E1D370F}.Release|Any CPU.ActiveCfg = Release|Any CPU
		{66AB103E-E63D-4109-910B-A6BA7E1D370F}.Release|Any CPU.Build.0 = Release|Any CPU
	EndGlobalSection
	GlobalSection(SolutionProperties) = preSolution
		HideSolutionNode = FALSE
	EndGlobalSection
	GlobalSection(ExtensibilityGlobals) = postSolution
		SolutionGuid = {1770ECB6-594B-4378-A891-978C4FF5D787}
	EndGlobalSection
EndGlobal
